
Microsoft Visual Studio Solution File, Format Version 12.00
# Visual Studio Version 16
VisualStudioVersion = 16.0.30413.136
MinimumVisualStudioVersion = 10.0.40219.1
Project("{FAE04EC0-301F-11D3-BF4B-00C04F79EFBC}") = "LB-5", "LB-5\LB-5.csproj", "{FE92F008-C55F-4668-B472-DBDEA3037D90}"
EndProject
Global
	GlobalSection(SolutionConfigurationPlatforms) = preSolution
		Debug|Any CPU = Debug|Any CPU
		Release|Any CPU = Release|Any CPU
	EndGlobalSection
	GlobalSection(ProjectConfigurationPlatforms) = postSolution
		{FE92F008-C55F-4668-B472-DBDEA3037D90}.Debug|Any CPU.ActiveCfg = Debug|Any CPU
		{FE92F008-C55F-4668-B472-DBDEA3037D90}.Debug|Any CPU.Build.0 = Debug|Any CPU
		{FE92F008-C55F-4668-B472-DBDEA3037D90}.Release|Any CPU.ActiveCfg = Release|Any CPU
		{FE92F008-C55F-4668-B472-DBDEA3037D90}.Release|Any CPU.Build.0 = Release|Any CPU
	EndGlobalSection
	GlobalSection(SolutionProperties) = preSolution
		HideSolutionNode = FALSE
	EndGlobalSection
	GlobalSection(ExtensibilityGlobals) = postSolution
		SolutionGuid = {6F948F3E-23A5-49F4-9983-314D52E7D04A}
	EndGlobalSection
EndGlobal
